github.com/dxvgef/filter v0.0.0-20190407192053-8384641a9a32 h1:ACaIaw8PwySzDiYMde/Mn6F0dg+UZFSOcm78x+vKIZs=
github.com/dxvgef/filter v0.0.0-20190407192053-8384641a9a32/go.mod h1:mkBsz8jewjNYpbcAOR55gtXbqv4K2Kczz5jirlgMKcc=
github.com/julienschmidt/httprouter v1.2.0 h1:TDTW5Yz1mjftljbcKqRcrYhd4XeOoI98t+9HbQbYf7g=
github.com/julienschmidt/httprouter v1.2.0/go.mod h1:SYymIcj16QtmaHHD7aYtjjsJG7VTCxuUUipMqKk8s4w=
